// !$*UTF8*$!
{
	archiveVersion = 1;
	classes = {
	};
	objectVersion = 55;
	objects = {

/* Begin PBXBuildFile section */
		7CE8920227A197FE0018AC1F /* littleAppApp.swift in Sources */ = {isa = PBXBuildFile; fileRef = 7CE8920127A197FE0018AC1F /* littleAppApp.swift */; };
		7CE8920427A197FE0018AC1F /* ContentView.swift in Sources */ = {isa = PBXBuildFile; fileRef = 7CE8920327A197FE0018AC1F /* ContentView.swift */; };
		7CE8920627A197FF0018AC1F /* Assets.xcassets in Resources */ = {isa = PBXBuildFile; fileRef = 7CE8920527A197FF0018AC1F /* Assets.xcassets */; };
		7CE8920927A197FF0018AC1F /* Preview Assets.xcassets in Resources */ = {isa = PBXBuildFile; fileRef = 7CE8920827A197FF0018AC1F /* Preview Assets.xcassets */; };
		7CE8921027A1980F0018AC1F /* choice.swift in Sources */ = {isa = PBXBuildFile; fileRef = 7CE8920F27A1980F0018AC1F /* choice.swift */; };
		7CE8921227A1A0640018AC1F /* role.swift in Sources */ = {isa = PBXBuildFile; fileRef = 7CE8921127A1A0640018AC1F /* role.swift */; };
		7CE8921427A1A1F80018AC1F /* roleTable.swift in Sources */ = {isa = PBXBuildFile; fileRef = 7CE8921327A1A1F80018AC1F /* roleTable.swift */; };
		7CE8921627A1A21C0018AC1F /* roleChoose.swift in Sources */ = {isa = PBXBuildFile; fileRef = 7CE8921527A1A21C0018AC1F /* roleChoose.swift */; };
		7CE8921827A1ABC90018AC1F /* playSize.swift in Sources */ = {isa = PBXBuildFile; fileRef = 7CE8921727A1ABC90018AC1F /* playSize.swift */; };
/* End PBXBuildFile section */

/* Begin PBXFileReference section */
		7CE891FE27A197FE0018AC1F /* littleApp.app */ = {isa = PBXFileReference; explicitFileType = wrapper.application; includeInIndex = 0; path = littleApp.app; sourceTree = BUILT_PRODUCTS_DIR; };
		7CE8920127A197FE0018AC1F /* littleAppApp.swift */ = {isa = PBXFileReference; lastKnownFileType = sourcecode.swift; path = littleAppApp.swift; sourceTree = "<group>"; };
		7CE8920327A197FE0018AC1F /* ContentView.swift */ = {isa = PBXFileReference; lastKnownFileType = sourcecode.swift; path = ContentView.swift; sourceTree = "<group>"; };
		7CE8920527A197FF0018AC1F /* Assets.xcassets */ = {isa = PBXFileReference; lastKnownFileType = folder.assetcatalog; path = Assets.xcassets; sourceTree = "<group>"; };
		7CE8920827A197FF0018AC1F /* Preview Assets.xcassets */ = {isa = PBXFileReference; lastKnownFileType = folder.assetcatalog; path = "Preview Assets.xcassets"; sourceTree = "<group>"; };
		7CE8920F27A1980F0018AC1F /* choice.swift */ = {isa = PBXFileReference; lastKnownFileType = sourcecode.swift; path = choice.swift; sourceTree = "<group>"; };
		7CE8921127A1A0640018AC1F /* role.swift */ = {isa = PBXFileReference; lastKnownFileType = sourcecode.swift; path = role.swift; sourceTree = "<group>"; };
		7CE8921327A1A1F80018AC1F /* roleTable.swift */ = {isa = PBXFileReference; lastKnownFileType = sourcecode.swift; path = roleTable.swift; sourceTree = "<group>"; };
		7CE8921527A1A21C0018AC1F /* roleChoose.swift */ = {isa = PBXFileReference; lastKnownFileType = sourcecode.swift; path = roleChoose.swift; sourceTree = "<group>"; };
		7CE8921727A1ABC90018AC1F /* playSize.swift */ = {isa = PBXFileReference; lastKnownFileType = sourcecode.swift; path = playSize.swift; sourceTree = "<group>"; };
/* End PBXFileReference section */

/* Begin PBXFrameworksBuildPhase section */
		7CE891FB27A197FE0018AC1F /* Frameworks */ = {
			isa = PBXFrameworksBuildPhase;
			buildActionMask = 2147483647;
			files = (
			);
			runOnlyForDeploymentPostprocessing = 0;
		};
/* End PBXFrameworksBuildPhase section */

/* Begin PBXGroup section */
		7CE891F527A197FE0018AC1F = {
			isa = PBXGroup;
			children = (
				7CE8920027A197FE0018AC1F /* littleApp */,
				7CE891FF27A197FE0018AC1F /* Products */,
			);
			sourceTree = "<group>";
		};
		7CE891FF27A197FE0018AC1F /* Products */ = {
			isa = PBXGroup;
			children = (
				7CE891FE27A197FE0018AC1F /* littleApp.app */,
			);
			name = Products;
			sourceTree = "<group>";
		};
		7CE8920027A197FE0018AC1F /* littleApp */ = {
			isa = PBXGroup;
			children = (
				7CE8920127A197FE0018AC1F /* littleAppApp.swift */,
				7CE8920327A197FE0018AC1F /* ContentView.swift */,
				7CE8920F27A1980F0018AC1F /* choice.swift */,
				7CE8921127A1A0640018AC1F /* role.swift */,
				7CE8921327A1A1F80018AC1F /* roleTable.swift */,
				7CE8921527A1A21C0018AC1F /* roleChoose.swift */,
				7CE8921727A1ABC90018AC1F /* playSize.swift */,
				7CE8920527A197FF0018AC1F /* Assets.xcassets */,
				7CE8920727A197FF0018AC1F /* Preview Content */,
			);
			path = littleApp;
			sourceTree = "<group>";
		};
		7CE8920727A197FF0018AC1F /* Preview Content */ = {
			isa = PBXGroup;
			children = (
				7CE8920827A197FF0018AC1F /* Preview Assets.xcassets */,
			);
			path = "Preview Content";
			sourceTree = "<group>";
		};
/* End PBXGroup section */

/* Begin PBXNativeTarget section */
		7CE891FD27A197FE0018AC1F /* littleApp */ = {
			isa = PBXNativeTarget;
			buildConfigurationList = 7CE8920C27A197FF0018AC1F /* Build configuration list for PBXNativeTarget "littleApp" */;
			buildPhases = (
				7CE891FA27A197FE0018AC1F /* Sources */,
				7CE891FB27A197FE0018AC1F /* Frameworks */,
				7CE891FC27A197FE0018AC1F /* Resources */,
			);
			buildRules = (
			);
			dependencies = (
			);
			name = littleApp;
			productName = littleApp;
			productReference = 7CE891FE27A197FE0018AC1F /* littleApp.app */;
			productType = "com.apple.product-type.application";
		};
/* End PBXNativeTarget section */

/* Begin PBXProject section */
		7CE891F627A197FE0018AC1F /* Project object */ = {
			isa = PBXProject;
			attributes = {
				BuildIndependentTargetsInParallel = 1;
				LastSwiftUpdateCheck = 1300;
				LastUpgradeCheck = 1300;
				TargetAttributes = {
					7CE891FD27A197FE0018AC1F = {
						CreatedOnToolsVersion = 13.0;
					};
				};
			};
			buildConfigurationList = 7CE891F927A197FE0018AC1F /* Build configuration list for PBXProject "littleApp" */;
			compatibilityVersion = "Xcode 13.0";
			developmentRegion = en;
			hasScannedForEncodings = 0;
			knownRegions = (
				en,
				Base,
			);
			mainGroup = 7CE891F527A197FE0018AC1F;
			productRefGroup = 7CE891FF27A197FE0018AC1F /* Products */;
			projectDirPath = "";
			projectRoot = "";
			targets = (
				7CE891FD27A197FE0018AC1F /* littleApp */,
			);
		};
/* End PBXProject section */

/* Begin PBXResourcesBuildPhase section */
		7CE891FC27A197FE0018AC1F /* Resources */ = {
			isa = PBXResourcesBuildPhase;
			buildActionMask = 2147483647;
			files = (
				7CE8920927A197FF0018AC1F /* Preview Assets.xcassets in Resources */,
				7CE8920627A197FF0018AC1F /* Assets.xcassets in Resources */,
			);
			runOnlyForDeploymentPostprocessing = 0;
		};
/* End PBXResourcesBuildPhase section */

/* Begin PBXSourcesBuildPhase section */
		7CE891FA27A197FE0018AC1F /* Sources */ = {
			isa = PBXSourcesBuildPhase;
			buildActionMask = 2147483647;
			files = (
				7CE8921627A1A21C0018AC1F /* roleChoose.swift in Sources */,
				7CE8920427A197FE0018AC1F /* ContentView.swift in Sources */,
				7CE8921427A1A1F80018AC1F /* roleTable.swift in Sources */,
				7CE8920227A197FE0018AC1F /* littleAppApp.swift in Sources */,
				7CE8921027A1980F0018AC1F /* choice.swift in Sources */,
				7CE8921827A1ABC90018AC1F /* playSize.swift in Sources */,
				7CE8921227A1A0640018AC1F /* role.swift in Sources */,
			);
			runOnlyForDeploymentPostprocessing = 0;
		};
/* End PBXSourcesBuildPhase section */

/* Begin XCBuildConfiguration section */
		7CE8920A27A197FF0018AC1F /* Debug */ = {
			isa = XCBuildConfiguration;
			buildSettings = {
				ALWAYS_SEARCH_USER_PATHS = NO;
				CLANG_ANALYZER_NONNULL = YES;
				CLANG_ANALYZER_NUMBER_OBJECT_CONVERSION = YES_AGGRESSIVE;
				CLANG_CXX_LANGUAGE_STANDARD = "gnu++17";
				CLANG_CXX_LIBRARY = "libc++";
				CLANG_ENABLE_MODULES = YES;
				CLANG_ENABLE_OBJC_ARC = YES;
				CLANG_ENABLE_OBJC_WEAK = YES;
				CLANG_WARN_BLOCK_CAPTURE_AUTORELEASING = YES;
				CLANG_WARN_BOOL_CONVERSION = YES;
				CLANG_WARN_COMMA = YES;
				CLANG_WARN_CONSTANT_CONVERSION = YES;
				CLANG_WARN_DEPRECATED_OBJC_IMPLEMENTATIONS = YES;
				CLANG_WARN_DIRECT_OBJC_ISA_USAGE = YES_ERROR;
				CLANG_WARN_DOCUMENTATION_COMMENTS = YES;
				CLANG_WARN_EMPTY_BODY = YES;
				CLANG_WARN_ENUM_CONVERSION = YES;
				CLANG_WARN_INFINITE_RECURSION = YES;
				CLANG_WARN_INT_CONVERSION = YES;
				CLANG_WARN_NON_LITERAL_NULL_CONVERSION = YES;
				CLANG_WARN_OBJC_IMPLICIT_RETAIN_SELF = YES;
				CLANG_WARN_OBJC_LITERAL_CONVERSION = YES;
				CLANG_WARN_OBJC_ROOT_CLASS = YES_ERROR;
				CLANG_WARN_QUOTED_INCLUDE_IN_FRAMEWORK_HEADER = YES;
				CLANG_WARN_RANGE_LOOP_ANALYSIS = YES;
				CLANG_WARN_STRICT_PROTOTYPES = YES;
				CLANG_WARN_SUSPICIOUS_MOVE = YES;
				CLANG_WARN_UNGUARDED_AVAILABILITY = YES_AGGRESSIVE;
				CLANG_WARN_UNREACHABLE_CODE = YES;
				CLANG_WARN__DUPLICATE_METHOD_MATCH = YES;
				COPY_PHASE_STRIP = NO;
				DEBUG_INFORMATION_FORMAT = dwarf;
				ENABLE_STRICT_OBJC_MSGSEND = YES;
				ENABLE_TESTABILITY = YES;
				GCC_C_LANGUAGE_STANDARD = gnu11;
				GCC_DYNAMIC_NO_PIC = NO;
				GCC_NO_COMMON_BLOCKS = YES;
				GCC_OPTIMIZATION_LEVEL = 0;
				GCC_PREPROCESSOR_DEFINITIONS = (
					"DEBUG=1",
					"$(inherited)",
				);
				GCC_WARN_64_TO_32_BIT_CONVERSION = YES;
				GCC_WARN_ABOUT_RETURN_TYPE = YES_ERROR;
				GCC_WARN_UNDECLARED_SELECTOR = YES;
				GCC_WARN_UNINITIALIZED_AUTOS = YES_AGGRESSIVE;
				GCC_WARN_UNUSED_FUNCTION = YES;
				GCC_WARN_UNUSED_VARIABLE = YES;
				IPHONEOS_DEPLOYMENT_TARGET = 15.0;
				MTL_ENABLE_DEBUG_INFO = INCLUDE_SOURCE;
				MTL_FAST_MATH = YES;
				ONLY_ACTIVE_ARCH = YES;
				SDKROOT = iphoneos;
				SWIFT_ACTIVE_COMPILATION_CONDITIONS = DEBUG;
				SWIFT_OPTIMIZATION_LEVEL = "-Onone";
			};
			name = Debug;
		};
		7CE8920B27A197FF0018AC1F /* Release */ = {
			isa = XCBuildConfiguration;
			buildSettings = {
				ALWAYS_SEARCH_USER_PATHS = NO;
				CLANG_ANALYZER_NONNULL = YES;
				CLANG_ANALYZER_NUMBER_OBJECT_CONVERSION = YES_AGGRESSIVE;
				CLANG_CXX_LANGUAGE_STANDARD = "gnu++17";
				CLANG_CXX_LIBRARY = "libc++";
				CLANG_ENABLE_MODULES = YES;
				CLANG_ENABLE_OBJC_ARC = YES;
				CLANG_ENABLE_OBJC_WEAK = YES;
				CLANG_WARN_BLOCK_CAPTURE_AUTORELEASING = YES;
				CLANG_WARN_BOOL_CONVERSION = YES;
				CLANG_WARN_COMMA = YES;
				CLANG_WARN_CONSTANT_CONVERSION = YES;
				CLANG_WARN_DEPRECATED_OBJC_IMPLEMENTATIONS = YES;
				CLANG_WARN_DIRECT_OBJC_ISA_USAGE = YES_ERROR;
				CLANG_WARN_DOCUMENTATION_COMMENTS = YES;
				CLANG_WARN_EMPTY_BODY = YES;
				CLANG_WARN_ENUM_CONVERSION = YES;
				CLANG_WARN_INFINITE_RECURSION = YES;
				CLANG_WARN_INT_CONVERSION = YES;
				CLANG_WARN_NON_LITERAL_NULL_CONVERSION = YES;
				CLANG_WARN_OBJC_IMPLICIT_RETAIN_SELF = YES;
				CLANG_WARN_OBJC_LITERAL_CONVERSION = YES;
				CLANG_WARN_OBJC_ROOT_CLASS = YES_ERROR;
				CLANG_WARN_QUOTED_INCLUDE_IN_FRAMEWORK_HEADER = YES;
				CLANG_WARN_RANGE_LOOP_ANALYSIS = YES;
				CLANG_WARN_STRICT_PROTOTYPES = YES;
				CLANG_WARN_SUSPICIOUS_MOVE = YES;
				CLANG_WARN_UNGUARDED_AVAILABILITY = YES_AGGRESSIVE;
				CLANG_WARN_UNREACHABLE_CODE = YES;
				CLANG_WARN__DUPLICATE_METHOD_MATCH = YES;
				COPY_PHASE_STRIP = NO;
				DEBUG_INFORMATION_FORMAT = "dwarf-with-dsym";
				ENABLE_NS_ASSERTIONS = NO;
				ENABLE_STRICT_OBJC_MSGSEND = YES;
				GCC_C_LANGUAGE_STANDARD = gnu11;
				GCC_NO_COMMON_BLOCKS = YES;
				GCC_WARN_64_TO_32_BIT_CONVERSION = YES;
				GCC_WARN_ABOUT_RETURN_TYPE = YES_ERROR;
				GCC_WARN_UNDECLARED_SELECTOR = YES;
				GCC_WARN_UNINITIALIZED_AUTOS = YES_AGGRESSIVE;
				GCC_WARN_UNUSED_FUNCTION = YES;
				GCC_WARN_UNUSED_VARIABLE = YES;
				IPHONEOS_DEPLOYMENT_TARGET = 15.0;
				MTL_ENABLE_DEBUG_INFO = NO;
				MTL_FAST_MATH = YES;
				SDKROOT = iphoneos;
				SWIFT_COMPILATION_MODE = wholemodule;
				SWIFT_OPTIMIZATION_LEVEL = "-O";
				VALIDATE_PRODUCT = YES;
			};
			name = Release;
		};
		7CE8920D27A197FF0018AC1F /* Debug */ = {
			isa = XCBuildConfiguration;
			buildSettings = {
				ASSETCATALOG_COMPILER_APPICON_NAME = AppIcon;
				ASSETCATALOG_COMPILER_GLOBAL_ACCENT_COLOR_NAME = AccentColor;
				CODE_SIGN_STYLE = Automatic;
				CURRENT_PROJECT_VERSION = 1;
				DEVELOPMENT_ASSET_PATHS = "\"littleApp/Preview Content\"";
				ENABLE_PREVIEWS = YES;
				GENERATE_INFOPLIST_FILE = YES;
				INFOPLIST_KEY_UIApplicationSceneManifest_Generation = YES;
				INFOPLIST_KEY_UIApplicationSupportsIndirectInputEvents = YES;
				INFOPLIST_KEY_UILaunchScreen_Generation = YES;
				INFOPLIST_KEY_UISupportedInterfaceOrientations_iPad = "UIInterfaceOrientationPortrait UIInterfaceOrientationPortraitUpsideDown UIInterfaceOrientationLandscapeLeft UIInterfaceOrientationLandscapeRight";
				INFOPLIST_KEY_UISupportedInterfaceOrientations_iPhone = "UIInterfaceOrientationPortrait UIInterfaceOrientationLandscapeLeft UIInterfaceOrientationLandscapeRight";
				IPHONEOS_DEPLOYMENT_TARGET = 15.0;
				LD_RUNPATH_SEARCH_PATHS = (
					"$(inherited)",
					"@executable_path/Frameworks",
				);
				MARKETING_VERSION = 1.0;
				PRODUCT_BUNDLE_IDENTIFIER = Jun.littleApp;
				PRODUCT_NAME = "$(TARGET_NAME)";
				SWIFT_EMIT_LOC_STRINGS = YES;
				SWIFT_VERSION = 5.0;
				TARGETED_DEVICE_FAMILY = "1,2";
			};
			name = Debug;
		};
		7CE8920E27A197FF0018AC1F /* Release */ = {
			isa = XCBuildConfiguration;
			buildSettings = {
				ASSETCATALOG_COMPILER_APPICON_NAME = AppIcon;
				ASSETCATALOG_COMPILER_GLOBAL_ACCENT_COLOR_NAME = AccentColor;
				CODE_SIGN_STYLE = Automatic;
				CURRENT_PROJECT_VERSION = 1;
				DEVELOPMENT_ASSET_PATHS = "\"littleApp/Preview Content\"";
				ENABLE_PREVIEWS = YES;
				GENERATE_INFOPLIST_FILE = YES;
				INFOPLIST_KEY_UIApplicationSceneManifest_Generation = YES;
				INFOPLIST_KEY_UIApplicationSupportsIndirectInputEvents = YES;
				INFOPLIST_KEY_UILaunchScreen_Generation = YES;
				INFOPLIST_KEY_UISupportedInterfaceOrientations_iPad = "UIInterfaceOrientationPortrait UIInterfaceOrientationPortraitUpsideDown UIInterfaceOrientationLandscapeLeft UIInterfaceOrientationLandscapeRight";
				INFOPLIST_KEY_UISupportedInterfaceOrientations_iPhone = "UIInterfaceOrientationPortrait UIInterfaceOrientationLandscapeLeft UIInterfaceOrientationLandscapeRight";
				IPHONEOS_DEPLOYMENT_TARGET = 15.0;
				LD_RUNPATH_SEARCH_PATHS = (
					"$(inherited)",
					"@executable_path/Frameworks",
				);
				MARKETING_VERSION = 1.0;
				PRODUCT_BUNDLE_IDENTIFIER = Jun.littleApp;
				PRODUCT_NAME = "$(TARGET_NAME)";
				SWIFT_EMIT_LOC_STRINGS = YES;
				SWIFT_VERSION = 5.0;
				TARGETED_DEVICE_FAMILY = "1,2";
			};
			name = Release;
		};
/* End XCBuildConfiguration section */

/* Begin XCConfigurationList section */
		7CE891F927A197FE0018AC1F /* Build configuration list for PBXProject "littleApp" */ = {
			isa = XCConfigurationList;
			buildConfigurations = (
				7CE8920A27A197FF0018AC1F /* Debug */,
				7CE8920B27A197FF0018AC1F /* Release */,
			);
			defaultConfigurationIsVisible = 0;
			defaultConfigurationName = Release;
		};
		7CE8920C27A197FF0018AC1F /* Build configuration list for PBXNativeTarget "littleApp" */ = {
			isa = XCConfigurationList;
			buildConfigurations = (
				7CE8920D27A197FF0018AC1F /* Debug */,
				7CE8920E27A197FF0018AC1F /* Release */,
			);
			defaultConfigurationIsVisible = 0;
			defaultConfigurationName = Release;
		};
/* End XCConfigurationList section */
	};
	rootObject = 7CE891F627A197FE0018AC1F /* Project object */;
}
